
Microsoft Visual Studio Solution File, Format Version 12.00
# Visual Studio Version 16
VisualStudioVersion = 16.0.30804.86
MinimumVisualStudioVersion = 10.0.40219.1
Project("{FAE04EC0-301F-11D3-BF4B-00C04F79EFBC}") = "EA Deskop fixed Installer (unofficial)", "EA Deskop fixed Installer (unofficial)\EA Deskop fixed Installer (unofficial).csproj", "{840C3EBB-33DE-4607-822E-8AAEDF3880F9}"
EndProject
Global
	GlobalSection(SolutionConfigurationPlatforms) = preSolution
		Debug|Any CPU = Debug|Any CPU
		Release|Any CPU = Release|Any CPU
	EndGlobalSection
	GlobalSection(ProjectConfigurationPlatforms) = postSolution
		{840C3EBB-33DE-4607-822E-8AAEDF3880F9}.Debug|Any CPU.ActiveCfg = Debug|Any CPU
		{840C3EBB-33DE-4607-822E-8AAEDF3880F9}.Debug|Any CPU.Build.0 = Debug|Any CPU
		{840C3EBB-33DE-4607-822E-8AAEDF3880F9}.Release|Any CPU.ActiveCfg = Release|Any CPU
		{840C3EBB-33DE-4607-822E-8AAEDF3880F9}.Release|Any CPU.Build.0 = Release|Any CPU
	EndGlobalSection
	GlobalSection(SolutionProperties) = preSolution
		HideSolutionNode = FALSE
	EndGlobalSection
	GlobalSection(ExtensibilityGlobals) = postSolution
		SolutionGuid = {F6A042C2-7EB1-4B4B-BA15-0B39520B97C0}
	EndGlobalSection
EndGlobal
